// !$*UTF8*$!
{
	archiveVersion = 1;
	classes = {
	};
	objectVersion = 51;
	objects = {

/* Begin PBXBuildFile section */
		26474C28170DE16FC36992FC /* Pods_desafio_ios_nexaas.framework in Frameworks */ = {isa = PBXBuildFile; fileRef = 45A12D944F40D09DA17B93C0 /* Pods_desafio_ios_nexaas.framework */; };
		9209FDF524B36CAA004887A3 /* AppDelegate.swift in Sources */ = {isa = PBXBuildFile; fileRef = 9209FDF424B36CAA004887A3 /* AppDelegate.swift */; };
		9209FDF724B36CAA004887A3 /* SceneDelegate.swift in Sources */ = {isa = PBXBuildFile; fileRef = 9209FDF624B36CAA004887A3 /* SceneDelegate.swift */; };
		9209FDFC24B36CAA004887A3 /* Main.storyboard in Resources */ = {isa = PBXBuildFile; fileRef = 9209FDFA24B36CAA004887A3 /* Main.storyboard */; };
		9209FDFF24B36CAA004887A3 /* desafio_ios_nexaas.xcdatamodeld in Sources */ = {isa = PBXBuildFile; fileRef = 9209FDFD24B36CAA004887A3 /* desafio_ios_nexaas.xcdatamodeld */; };
		9209FE0124B36CAF004887A3 /* Assets.xcassets in Resources */ = {isa = PBXBuildFile; fileRef = 9209FE0024B36CAF004887A3 /* Assets.xcassets */; };
		9209FE0424B36CAF004887A3 /* LaunchScreen.storyboard in Resources */ = {isa = PBXBuildFile; fileRef = 9209FE0224B36CAF004887A3 /* LaunchScreen.storyboard */; };
		9209FE1824B37E19004887A3 /* CustomTableViewCell.swift in Sources */ = {isa = PBXBuildFile; fileRef = 9209FE1724B37E19004887A3 /* CustomTableViewCell.swift */; };
		9209FE1A24B37E29004887A3 /* MainViewController.swift in Sources */ = {isa = PBXBuildFile; fileRef = 9209FE1924B37E29004887A3 /* MainViewController.swift */; };
		9274F37024B3C1E500EAFF8C /* network.swift in Sources */ = {isa = PBXBuildFile; fileRef = 9274F36F24B3C1E500EAFF8C /* network.swift */; };
		9274F37224B3C21C00EAFF8C /* apiDecoder.swift in Sources */ = {isa = PBXBuildFile; fileRef = 9274F37124B3C21C00EAFF8C /* apiDecoder.swift */; };
/* End PBXBuildFile section */

/* Begin PBXFileReference section */
		45A12D944F40D09DA17B93C0 /* Pods_desafio_ios_nexaas.framework */ = {isa = PBXFileReference; explicitFileType = wrapper.framework; includeInIndex = 0; path = Pods_desafio_ios_nexaas.framework; sourceTree = BUILT_PRODUCTS_DIR; };
		4F7E88BA28E6567898F667BF /* Pods-desafio_ios_nexaas.release.xcconfig */ = {isa = PBXFileReference; includeInIndex = 1; lastKnownFileType = text.xcconfig; name = "Pods-desafio_ios_nexaas.release.xcconfig"; path = "Target Support Files/Pods-desafio_ios_nexaas/Pods-desafio_ios_nexaas.release.xcconfig"; sourceTree = "<group>"; };
		9209FDF124B36CAA004887A3 /* desafio_ios_nexaas.app */ = {isa = PBXFileReference; explicitFileType = wrapper.application; includeInIndex = 0; path = desafio_ios_nexaas.app; sourceTree = BUILT_PRODUCTS_DIR; };
		9209FDF424B36CAA004887A3 /* AppDelegate.swift */ = {isa = PBXFileReference; lastKnownFileType = sourcecode.swift; path = AppDelegate.swift; sourceTree = "<group>"; };
		9209FDF624B36CAA004887A3 /* SceneDelegate.swift */ = {isa = PBXFileReference; lastKnownFileType = sourcecode.swift; path = SceneDelegate.swift; sourceTree = "<group>"; };
		9209FDFB24B36CAA004887A3 /* Base */ = {isa = PBXFileReference; lastKnownFileType = file.storyboard; name = Base; path = Base.lproj/Main.storyboard; sourceTree = "<group>"; };
		9209FDFE24B36CAA004887A3 /* desafio_ios_nexaas.xcdatamodel */ = {isa = PBXFileReference; lastKnownFileType = wrapper.xcdatamodel; path = desafio_ios_nexaas.xcdatamodel; sourceTree = "<group>"; };
		9209FE0024B36CAF004887A3 /* Assets.xcassets */ = {isa = PBXFileReference; lastKnownFileType = folder.assetcatalog; path = Assets.xcassets; sourceTree = "<group>"; };
		9209FE0324B36CAF004887A3 /* Base */ = {isa = PBXFileReference; lastKnownFileType = file.storyboard; name = Base; path = Base.lproj/LaunchScreen.storyboard; sourceTree = "<group>"; };
		9209FE0524B36CAF004887A3 /* Info.plist */ = {isa = PBXFileReference; lastKnownFileType = text.plist.xml; path = Info.plist; sourceTree = "<group>"; };
		9209FE1724B37E19004887A3 /* CustomTableViewCell.swift */ = {isa = PBXFileReference; lastKnownFileType = sourcecode.swift; path = CustomTableViewCell.swift; sourceTree = "<group>"; };
		9209FE1924B37E29004887A3 /* MainViewController.swift */ = {isa = PBXFileReference; lastKnownFileType = sourcecode.swift; path = MainViewController.swift; sourceTree = "<group>"; };
		9274F36F24B3C1E500EAFF8C /* network.swift */ = {isa = PBXFileReference; lastKnownFileType = sourcecode.swift; path = network.swift; sourceTree = "<group>"; };
		9274F37124B3C21C00EAFF8C /* apiDecoder.swift */ = {isa = PBXFileReference; lastKnownFileType = sourcecode.swift; path = apiDecoder.swift; sourceTree = "<group>"; };
		D37009FAF9DADDD5D7BECC31 /* Pods-desafio_ios_nexaas.debug.xcconfig */ = {isa = PBXFileReference; includeInIndex = 1; lastKnownFileType = text.xcconfig; name = "Pods-desafio_ios_nexaas.debug.xcconfig"; path = "Target Support Files/Pods-desafio_ios_nexaas/Pods-desafio_ios_nexaas.debug.xcconfig"; sourceTree = "<group>"; };
/* End PBXFileReference section */

/* Begin PBXFrameworksBuildPhase section */
		9209FDEE24B36CAA004887A3 /* Frameworks */ = {
			isa = PBXFrameworksBuildPhase;
			buildActionMask = 2147483647;
			files = (
				26474C28170DE16FC36992FC /* Pods_desafio_ios_nexaas.framework in Frameworks */,
			);
			runOnlyForDeploymentPostprocessing = 0;
		};
/* End PBXFrameworksBuildPhase section */

/* Begin PBXGroup section */
		2A7B6755FFEEF236996EF538 /* Frameworks */ = {
			isa = PBXGroup;
			children = (
				45A12D944F40D09DA17B93C0 /* Pods_desafio_ios_nexaas.framework */,
			);
			name = Frameworks;
			sourceTree = "<group>";
		};
		6CF54EEEB521F851E33A7641 /* Pods */ = {
			isa = PBXGroup;
			children = (
				D37009FAF9DADDD5D7BECC31 /* Pods-desafio_ios_nexaas.debug.xcconfig */,
				4F7E88BA28E6567898F667BF /* Pods-desafio_ios_nexaas.release.xcconfig */,
			);
			path = Pods;
			sourceTree = "<group>";
		};
		9209FDE824B36CAA004887A3 = {
			isa = PBXGroup;
			children = (
				9209FDF324B36CAA004887A3 /* desafio_ios_nexaas */,
				9209FDF224B36CAA004887A3 /* Products */,
				6CF54EEEB521F851E33A7641 /* Pods */,
				2A7B6755FFEEF236996EF538 /* Frameworks */,
			);
			sourceTree = "<group>";
		};
		9209FDF224B36CAA004887A3 /* Products */ = {
			isa = PBXGroup;
			children = (
				9209FDF124B36CAA004887A3 /* desafio_ios_nexaas.app */,
			);
			name = Products;
			sourceTree = "<group>";
		};
		9209FDF324B36CAA004887A3 /* desafio_ios_nexaas */ = {
			isa = PBXGroup;
			children = (
				9209FE0F24B37DDC004887A3 /* Model */,
				9209FE0E24B37DD8004887A3 /* View */,
				9209FE0D24B37DC6004887A3 /* Controller */,
				9209FDF424B36CAA004887A3 /* AppDelegate.swift */,
				9209FDF624B36CAA004887A3 /* SceneDelegate.swift */,
				9209FDFA24B36CAA004887A3 /* Main.storyboard */,
				9209FE0024B36CAF004887A3 /* Assets.xcassets */,
				9209FE0224B36CAF004887A3 /* LaunchScreen.storyboard */,
				9209FE0524B36CAF004887A3 /* Info.plist */,
				9209FDFD24B36CAA004887A3 /* desafio_ios_nexaas.xcdatamodeld */,
			);
			path = desafio_ios_nexaas;
			sourceTree = "<group>";
		};
		9209FE0D24B37DC6004887A3 /* Controller */ = {
			isa = PBXGroup;
			children = (
				9274F36F24B3C1E500EAFF8C /* network.swift */,
			);
			path = Controller;
			sourceTree = "<group>";
		};
		9209FE0E24B37DD8004887A3 /* View */ = {
			isa = PBXGroup;
			children = (
				9209FE1924B37E29004887A3 /* MainViewController.swift */,
				9209FE1724B37E19004887A3 /* CustomTableViewCell.swift */,
			);
			path = View;
			sourceTree = "<group>";
		};
		9209FE0F24B37DDC004887A3 /* Model */ = {
			isa = PBXGroup;
			children = (
				9274F37124B3C21C00EAFF8C /* apiDecoder.swift */,
			);
			path = Model;
			sourceTree = "<group>";
		};
/* End PBXGroup section */

/* Begin PBXNativeTarget section */
		9209FDF024B36CAA004887A3 /* desafio_ios_nexaas */ = {
			isa = PBXNativeTarget;
			buildConfigurationList = 9209FE0824B36CAF004887A3 /* Build configuration list for PBXNativeTarget "desafio_ios_nexaas" */;
			buildPhases = (
				33627FB0C27C8A5514DCDD43 /* [CP] Check Pods Manifest.lock */,
				9209FDED24B36CAA004887A3 /* Sources */,
				9209FDEE24B36CAA004887A3 /* Frameworks */,
				9209FDEF24B36CAA004887A3 /* Resources */,
				F85BAB9A42D9B5DB9D4DE96B /* [CP] Embed Pods Frameworks */,
			);
			buildRules = (
			);
			dependencies = (
			);
			name = desafio_ios_nexaas;
			productName = desafio_ios_nexaas;
			productReference = 9209FDF124B36CAA004887A3 /* desafio_ios_nexaas.app */;
			productType = "com.apple.product-type.application";
		};
/* End PBXNativeTarget section */

/* Begin PBXProject section */
		9209FDE924B36CAA004887A3 /* Project object */ = {
			isa = PBXProject;
			attributes = {
				LastSwiftUpdateCheck = 1150;
				LastUpgradeCheck = 1150;
				ORGANIZATIONNAME = "Denis Janoto";
				TargetAttributes = {
					9209FDF024B36CAA004887A3 = {
						CreatedOnToolsVersion = 11.5;
					};
				};
			};
			buildConfigurationList = 9209FDEC24B36CAA004887A3 /* Build configuration list for PBXProject "desafio_ios_nexaas" */;
			compatibilityVersion = "Xcode 9.3";
			developmentRegion = en;
			hasScannedForEncodings = 0;
			knownRegions = (
				en,
				Base,
			);
			mainGroup = 9209FDE824B36CAA004887A3;
			productRefGroup = 9209FDF224B36CAA004887A3 /* Products */;
			projectDirPath = "";
			projectRoot = "";
			targets = (
				9209FDF024B36CAA004887A3 /* desafio_ios_nexaas */,
			);
		};
/* End PBXProject section */

/* Begin PBXResourcesBuildPhase section */
		9209FDEF24B36CAA004887A3 /* Resources */ = {
			isa = PBXResourcesBuildPhase;
			buildActionMask = 2147483647;
			files = (
				9209FE0424B36CAF004887A3 /* LaunchScreen.storyboard in Resources */,
				9209FE0124B36CAF004887A3 /* Assets.xcassets in Resources */,
				9209FDFC24B36CAA004887A3 /* Main.storyboard in Resources */,
			);
			runOnlyForDeploymentPostprocessing = 0;
		};
/* End PBXResourcesBuildPhase section */

/* Begin PBXShellScriptBuildPhase section */
		33627FB0C27C8A5514DCDD43 /* [CP] Check Pods Manifest.lock */ = {
			isa = PBXShellScriptBuildPhase;
			buildActionMask = 2147483647;
			files = (
			);
			inputFileListPaths = (
			);
			inputPaths = (
				"${PODS_PODFILE_DIR_PATH}/Podfile.lock",
				"${PODS_ROOT}/Manifest.lock",
			);
			name = "[CP] Check Pods Manifest.lock";
			outputFileListPaths = (
			);
			outputPaths = (
				"$(DERIVED_FILE_DIR)/Pods-desafio_ios_nexaas-checkManifestLockResult.txt",
			);
			runOnlyForDeploymentPostprocessing = 0;
			shellPath = /bin/sh;
			shellScript = "diff \"${PODS_PODFILE_DIR_PATH}/Podfile.lock\" \"${PODS_ROOT}/Manifest.lock\" > /dev/null\nif [ $? != 0 ] ; then\n    # print error to STDERR\n    echo \"error: The sandbox is not in sync with the Podfile.lock. Run 'pod install' or update your CocoaPods installation.\" >&2\n    exit 1\nfi\n# This output is used by Xcode 'outputs' to avoid re-running this script phase.\necho \"SUCCESS\" > \"${SCRIPT_OUTPUT_FILE_0}\"\n";
			showEnvVarsInLog = 0;
		};
		F85BAB9A42D9B5DB9D4DE96B /* [CP] Embed Pods Frameworks */ = {
			isa = PBXShellScriptBuildPhase;
			buildActionMask = 2147483647;
			files = (
			);
			inputFileListPaths = (
				"${PODS_ROOT}/Target Support Files/Pods-desafio_ios_nexaas/Pods-desafio_ios_nexaas-frameworks-${CONFIGURATION}-input-files.xcfilelist",
			);
			name = "[CP] Embed Pods Frameworks";
			outputFileListPaths = (
				"${PODS_ROOT}/Target Support Files/Pods-desafio_ios_nexaas/Pods-desafio_ios_nexaas-frameworks-${CONFIGURATION}-output-files.xcfilelist",
			);
			runOnlyForDeploymentPostprocessing = 0;
			shellPath = /bin/sh;
			shellScript = "\"${PODS_ROOT}/Target Support Files/Pods-desafio_ios_nexaas/Pods-desafio_ios_nexaas-frameworks.sh\"\n";
			showEnvVarsInLog = 0;
		};
/* End PBXShellScriptBuildPhase section */

/* Begin PBXSourcesBuildPhase section */
		9209FDED24B36CAA004887A3 /* Sources */ = {
			isa = PBXSourcesBuildPhase;
			buildActionMask = 2147483647;
			files = (
				9274F37224B3C21C00EAFF8C /* apiDecoder.swift in Sources */,
				9209FDF524B36CAA004887A3 /* AppDelegate.swift in Sources */,
				9209FDF724B36CAA004887A3 /* SceneDelegate.swift in Sources */,
				9209FE1824B37E19004887A3 /* CustomTableViewCell.swift in Sources */,
				9209FDFF24B36CAA004887A3 /* desafio_ios_nexaas.xcdatamodeld in Sources */,
				9274F37024B3C1E500EAFF8C /* network.swift in Sources */,
				9209FE1A24B37E29004887A3 /* MainViewController.swift in Sources */,
			);
			runOnlyForDeploymentPostprocessing = 0;
		};
/* End PBXSourcesBuildPhase section */

/* Begin PBXVariantGroup section */
		9209FDFA24B36CAA004887A3 /* Main.storyboard */ = {
			isa = PBXVariantGroup;
			children = (
				9209FDFB24B36CAA004887A3 /* Base */,
			);
			name = Main.storyboard;
			sourceTree = "<group>";
		};
		9209FE0224B36CAF004887A3 /* LaunchScreen.storyboard */ = {
			isa = PBXVariantGroup;
			children = (
				9209FE0324B36CAF004887A3 /* Base */,
			);
			name = LaunchScreen.storyboard;
			sourceTree = "<group>";
		};
/* End PBXVariantGroup section */

/* Begin XCBuildConfiguration section */
		9209FE0624B36CAF004887A3 /* Debug */ = {
			isa = XCBuildConfiguration;
			buildSettings = {
				ALWAYS_SEARCH_USER_PATHS = NO;
				CLANG_ANALYZER_NONNULL = YES;
				CLANG_ANALYZER_NUMBER_OBJECT_CONVERSION = YES_AGGRESSIVE;
				CLANG_CXX_LANGUAGE_STANDARD = "gnu++14";
				CLANG_CXX_LIBRARY = "libc++";
				CLANG_ENABLE_MODULES = YES;
				CLANG_ENABLE_OBJC_ARC = YES;
				CLANG_ENABLE_OBJC_WEAK = YES;
				CLANG_WARN_BLOCK_CAPTURE_AUTORELEASING = YES;
				CLANG_WARN_BOOL_CONVERSION = YES;
				CLANG_WARN_COMMA = YES;
				CLANG_WARN_CONSTANT_CONVERSION = YES;
				CLANG_WARN_DEPRECATED_OBJC_IMPLEMENTATIONS = YES;
				CLANG_WARN_DIRECT_OBJC_ISA_USAGE = YES_ERROR;
				CLANG_WARN_DOCUMENTATION_COMMENTS = YES;
				CLANG_WARN_EMPTY_BODY = YES;
				CLANG_WARN_ENUM_CONVERSION = YES;
				CLANG_WARN_INFINITE_RECURSION = YES;
				CLANG_WARN_INT_CONVERSION = YES;
				CLANG_WARN_NON_LITERAL_NULL_CONVERSION = YES;
				CLANG_WARN_OBJC_IMPLICIT_RETAIN_SELF = YES;
				CLANG_WARN_OBJC_LITERAL_CONVERSION = YES;
				CLANG_WARN_OBJC_ROOT_CLASS = YES_ERROR;
				CLANG_WARN_RANGE_LOOP_ANALYSIS = YES;
				CLANG_WARN_STRICT_PROTOTYPES = YES;
				CLANG_WARN_SUSPICIOUS_MOVE = YES;
				CLANG_WARN_UNGUARDED_AVAILABILITY = YES_AGGRESSIVE;
				CLANG_WARN_UNREACHABLE_CODE = YES;
				CLANG_WARN__DUPLICATE_METHOD_MATCH = YES;
				COPY_PHASE_STRIP = NO;
				DEBUG_INFORMATION_FORMAT = dwarf;
				ENABLE_STRICT_OBJC_MSGSEND = YES;
				ENABLE_TESTABILITY = YES;
				GCC_C_LANGUAGE_STANDARD = gnu11;
				GCC_DYNAMIC_NO_PIC = NO;
				GCC_NO_COMMON_BLOCKS = YES;
				GCC_OPTIMIZATION_LEVEL = 0;
				GCC_PREPROCESSOR_DEFINITIONS = (
					"DEBUG=1",
					"$(inherited)",
				);
				GCC_WARN_64_TO_32_BIT_CONVERSION = YES;
				GCC_WARN_ABOUT_RETURN_TYPE = YES_ERROR;
				GCC_WARN_UNDECLARED_SELECTOR = YES;
				GCC_WARN_UNINITIALIZED_AUTOS = YES_AGGRESSIVE;
				GCC_WARN_UNUSED_FUNCTION = YES;
				GCC_WARN_UNUSED_VARIABLE = YES;
				IPHONEOS_DEPLOYMENT_TARGET = 13.5;
				MTL_ENABLE_DEBUG_INFO = INCLUDE_SOURCE;
				MTL_FAST_MATH = YES;
				ONLY_ACTIVE_ARCH = YES;
				SDKROOT = iphoneos;
				SWIFT_ACTIVE_COMPILATION_CONDITIONS = DEBUG;
				SWIFT_OPTIMIZATION_LEVEL = "-Onone";
			};
			name = Debug;
		};
		9209FE0724B36CAF004887A3 /* Release */ = {
			isa = XCBuildConfiguration;
			buildSettings = {
				ALWAYS_SEARCH_USER_PATHS = NO;
				CLANG_ANALYZER_NONNULL = YES;
				CLANG_ANALYZER_NUMBER_OBJECT_CONVERSION = YES_AGGRESSIVE;
				CLANG_CXX_LANGUAGE_STANDARD = "gnu++14";
				CLANG_CXX_LIBRARY = "libc++";
				CLANG_ENABLE_MODULES = YES;
				CLANG_ENABLE_OBJC_ARC = YES;
				CLANG_ENABLE_OBJC_WEAK = YES;
				CLANG_WARN_BLOCK_CAPTURE_AUTORELEASING = YES;
				CLANG_WARN_BOOL_CONVERSION = YES;
				CLANG_WARN_COMMA = YES;
				CLANG_WARN_CONSTANT_CONVERSION = YES;
				CLANG_WARN_DEPRECATED_OBJC_IMPLEMENTATIONS = YES;
				CLANG_WARN_DIRECT_OBJC_ISA_USAGE = YES_ERROR;
				CLANG_WARN_DOCUMENTATION_COMMENTS = YES;
				CLANG_WARN_EMPTY_BODY = YES;
				CLANG_WARN_ENUM_CONVERSION = YES;
				CLANG_WARN_INFINITE_RECURSION = YES;
				CLANG_WARN_INT_CONVERSION = YES;
				CLANG_WARN_NON_LITERAL_NULL_CONVERSION = YES;
				CLANG_WARN_OBJC_IMPLICIT_RETAIN_SELF = YES;
				CLANG_WARN_OBJC_LITERAL_CONVERSION = YES;
				CLANG_WARN_OBJC_ROOT_CLASS = YES_ERROR;
				CLANG_WARN_RANGE_LOOP_ANALYSIS = YES;
				CLANG_WARN_STRICT_PROTOTYPES = YES;
				CLANG_WARN_SUSPICIOUS_MOVE = YES;
				CLANG_WARN_UNGUARDED_AVAILABILITY = YES_AGGRESSIVE;
				CLANG_WARN_UNREACHABLE_CODE = YES;
				CLANG_WARN__DUPLICATE_METHOD_MATCH = YES;
				COPY_PHASE_STRIP = NO;
				DEBUG_INFORMATION_FORMAT = "dwarf-with-dsym";
				ENABLE_NS_ASSERTIONS = NO;
				ENABLE_STRICT_OBJC_MSGSEND = YES;
				GCC_C_LANGUAGE_STANDARD = gnu11;
				GCC_NO_COMMON_BLOCKS = YES;
				GCC_WARN_64_TO_32_BIT_CONVERSION = YES;
				GCC_WARN_ABOUT_RETURN_TYPE = YES_ERROR;
				GCC_WARN_UNDECLARED_SELECTOR = YES;
				GCC_WARN_UNINITIALIZED_AUTOS = YES_AGGRESSIVE;
				GCC_WARN_UNUSED_FUNCTION = YES;
				GCC_WARN_UNUSED_VARIABLE = YES;
				IPHONEOS_DEPLOYMENT_TARGET = 13.5;
				MTL_ENABLE_DEBUG_INFO = NO;
				MTL_FAST_MATH = YES;
				SDKROOT = iphoneos;
				SWIFT_COMPILATION_MODE = wholemodule;
				SWIFT_OPTIMIZATION_LEVEL = "-O";
				VALIDATE_PRODUCT = YES;
			};
			name = Release;
		};
		9209FE0924B36CAF004887A3 /* Debug */ = {
			isa = XCBuildConfiguration;
			baseConfigurationReference = D37009FAF9DADDD5D7BECC31 /* Pods-desafio_ios_nexaas.debug.xcconfig */;
			buildSettings = {
				ASSETCATALOG_COMPILER_APPICON_NAME = AppIcon;
				CODE_SIGN_STYLE = Automatic;
				INFOPLIST_FILE = desafio_ios_nexaas/Info.plist;
				LD_RUNPATH_SEARCH_PATHS = (
					"$(inherited)",
					"@executable_path/Frameworks",
				);
				PRODUCT_BUNDLE_IDENTIFIER = "br.com.desafio-ios-nexaas";
				PRODUCT_NAME = "$(TARGET_NAME)";
				SWIFT_VERSION = 5.0;
				TARGETED_DEVICE_FAMILY = 1;
			};
			name = Debug;
		};
		9209FE0A24B36CAF004887A3 /* Release */ = {
			isa = XCBuildConfiguration;
			baseConfigurationReference = 4F7E88BA28E6567898F667BF /* Pods-desafio_ios_nexaas.release.xcconfig */;
			buildSettings = {
				ASSETCATALOG_COMPILER_APPICON_NAME = AppIcon;
				CODE_SIGN_STYLE = Automatic;
				INFOPLIST_FILE = desafio_ios_nexaas/Info.plist;
				LD_RUNPATH_SEARCH_PATHS = (
					"$(inherited)",
					"@executable_path/Frameworks",
				);
				PRODUCT_BUNDLE_IDENTIFIER = "br.com.desafio-ios-nexaas";
				PRODUCT_NAME = "$(TARGET_NAME)";
				SWIFT_VERSION = 5.0;
				TARGETED_DEVICE_FAMILY = 1;
			};
			name = Release;
		};
/* End XCBuildConfiguration section */

/* Begin XCConfigurationList section */
		9209FDEC24B36CAA004887A3 /* Build configuration list for PBXProject "desafio_ios_nexaas" */ = {
			isa = XCConfigurationList;
			buildConfigurations = (
				9209FE0624B36CAF004887A3 /* Debug */,
				9209FE0724B36CAF004887A3 /* Release */,
			);
			defaultConfigurationIsVisible = 0;
			defaultConfigurationName = Release;
		};
		9209FE0824B36CAF004887A3 /* Build configuration list for PBXNativeTarget "desafio_ios_nexaas" */ = {
			isa = XCConfigurationList;
			buildConfigurations = (
				9209FE0924B36CAF004887A3 /* Debug */,
				9209FE0A24B36CAF004887A3 /* Release */,
			);
			defaultConfigurationIsVisible = 0;
			defaultConfigurationName = Release;
		};
/* End XCConfigurationList section */

/* Begin XCVersionGroup section */
		9209FDFD24B36CAA004887A3 /* desafio_ios_nexaas.xcdatamodeld */ = {
			isa = XCVersionGroup;
			children = (
				9209FDFE24B36CAA004887A3 /* desafio_ios_nexaas.xcdatamodel */,
			);
			currentVersion = 9209FDFE24B36CAA004887A3 /* desafio_ios_nexaas.xcdatamodel */;
			path = desafio_ios_nexaas.xcdatamodeld;
			sourceTree = "<group>";
			versionGroupType = wrapper.xcdatamodel;
		};
/* End XCVersionGroup section */
	};
	rootObject = 9209FDE924B36CAA004887A3 /* Project object */;
}
